// !$*UTF8*$!
{
	archiveVersion = 1;
	classes = {
	};
	objectVersion = 50;
	objects = {

/* Begin PBXBuildFile section */
		0A15298C267C84C600EB33EC /* main.swift in Sources */ = {isa = PBXBuildFile; fileRef = 0A15298B267C84C600EB33EC /* main.swift */; };
		0A152993267C857100EB33EC /* compute.metal in Sources */ = {isa = PBXBuildFile; fileRef = 0A152992267C857100EB33EC /* compute.metal */; };
		0AD422C6268552BE00DDEFA5 /* MetalUtils.swift in Sources */ = {isa = PBXBuildFile; fileRef = 0AD422C5268552BE00DDEFA5 /* MetalUtils.swift */; };
		0AD422CB2685D65700DDEFA5 /* ParallelReduction.swift in Sources */ = {isa = PBXBuildFile; fileRef = 0AD422CA2685D65700DDEFA5 /* ParallelReduction.swift */; };
		0AD422CD2685D66600DDEFA5 /* ParallelReduction.metal in Sources */ = {isa = PBXBuildFile; fileRef = 0AD422CC2685D66600DDEFA5 /* ParallelReduction.metal */; };
/* End PBXBuildFile section */

/* Begin PBXCopyFilesBuildPhase section */
		0A152986267C84C600EB33EC /* CopyFiles */ = {
			isa = PBXCopyFilesBuildPhase;
			buildActionMask = 2147483647;
			dstPath = /usr/share/man/man1/;
			dstSubfolderSpec = 0;
			files = (
			);
			runOnlyForDeploymentPostprocessing = 1;
		};
/* End PBXCopyFilesBuildPhase section */

/* Begin PBXFileReference section */
		0A152988267C84C600EB33EC /* GPUComputeTesting */ = {isa = PBXFileReference; explicitFileType = "compiled.mach-o.executable"; includeInIndex = 0; path = GPUComputeTesting; sourceTree = BUILT_PRODUCTS_DIR; };
		0A15298B267C84C600EB33EC /* main.swift */ = {isa = PBXFileReference; lastKnownFileType = sourcecode.swift; path = main.swift; sourceTree = "<group>"; };
		0A152992267C857100EB33EC /* compute.metal */ = {isa = PBXFileReference; lastKnownFileType = sourcecode.metal; path = compute.metal; sourceTree = "<group>"; };
		0AD422C5268552BE00DDEFA5 /* MetalUtils.swift */ = {isa = PBXFileReference; lastKnownFileType = sourcecode.swift; path = MetalUtils.swift; sourceTree = "<group>"; };
		0AD422CA2685D65700DDEFA5 /* ParallelReduction.swift */ = {isa = PBXFileReference; lastKnownFileType = sourcecode.swift; path = ParallelReduction.swift; sourceTree = "<group>"; };
		0AD422CC2685D66600DDEFA5 /* ParallelReduction.metal */ = {isa = PBXFileReference; lastKnownFileType = sourcecode.metal; path = ParallelReduction.metal; sourceTree = "<group>"; };
/* End PBXFileReference section */

/* Begin PBXFrameworksBuildPhase section */
		0A152985267C84C600EB33EC /* Frameworks */ = {
			isa = PBXFrameworksBuildPhase;
			buildActionMask = 2147483647;
			files = (
			);
			runOnlyForDeploymentPostprocessing = 0;
		};
/* End PBXFrameworksBuildPhase section */

/* Begin PBXGroup section */
		0A15297F267C84C600EB33EC = {
			isa = PBXGroup;
			children = (
				0A15298A267C84C600EB33EC /* GPUComputeTesting */,
				0A152989267C84C600EB33EC /* Products */,
			);
			sourceTree = "<group>";
		};
		0A152989267C84C600EB33EC /* Products */ = {
			isa = PBXGroup;
			children = (
				0A152988267C84C600EB33EC /* GPUComputeTesting */,
			);
			name = Products;
			sourceTree = "<group>";
		};
		0A15298A267C84C600EB33EC /* GPUComputeTesting */ = {
			isa = PBXGroup;
			children = (
				0AD422CE268FFDCA00DDEFA5 /* Array Sorting */,
				0AD422C92685D63700DDEFA5 /* Parallel Reduction */,
				0AD422C42685513C00DDEFA5 /* Compute */,
				0A15298B267C84C600EB33EC /* main.swift */,
				0A152992267C857100EB33EC /* compute.metal */,
			);
			path = GPUComputeTesting;
			sourceTree = "<group>";
		};
		0AD422C42685513C00DDEFA5 /* Compute */ = {
			isa = PBXGroup;
			children = (
				0AD422C5268552BE00DDEFA5 /* MetalUtils.swift */,
			);
			path = Compute;
			sourceTree = "<group>";
		};
		0AD422C92685D63700DDEFA5 /* Parallel Reduction */ = {
			isa = PBXGroup;
			children = (
				0AD422CA2685D65700DDEFA5 /* ParallelReduction.swift */,
				0AD422CC2685D66600DDEFA5 /* ParallelReduction.metal */,
			);
			path = "Parallel Reduction";
			sourceTree = "<group>";
		};
		0AD422CE268FFDCA00DDEFA5 /* Array Sorting */ = {
			isa = PBXGroup;
			children = (
			);
			path = "Array Sorting";
			sourceTree = "<group>";
		};
/* End PBXGroup section */

/* Begin PBXNativeTarget section */
		0A152987267C84C600EB33EC /* GPUComputeTesting */ = {
			isa = PBXNativeTarget;
			buildConfigurationList = 0A15298F267C84C600EB33EC /* Build configuration list for PBXNativeTarget "GPUComputeTesting" */;
			buildPhases = (
				0A152984267C84C600EB33EC /* Sources */,
				0A152985267C84C600EB33EC /* Frameworks */,
				0A152986267C84C600EB33EC /* CopyFiles */,
			);
			buildRules = (
			);
			dependencies = (
			);
			name = GPUComputeTesting;
			productName = GPUComputeTesting;
			productReference = 0A152988267C84C600EB33EC /* GPUComputeTesting */;
			productType = "com.apple.product-type.tool";
		};
/* End PBXNativeTarget section */

/* Begin PBXProject section */
		0A152980267C84C600EB33EC /* Project object */ = {
			isa = PBXProject;
			attributes = {
				LastSwiftUpdateCheck = 1250;
				LastUpgradeCheck = 1250;
				TargetAttributes = {
					0A152987267C84C600EB33EC = {
						CreatedOnToolsVersion = 12.5;
					};
				};
			};
			buildConfigurationList = 0A152983267C84C600EB33EC /* Build configuration list for PBXProject "GPUComputeTesting" */;
			compatibilityVersion = "Xcode 9.3";
			developmentRegion = en;
			hasScannedForEncodings = 0;
			knownRegions = (
				en,
				Base,
			);
			mainGroup = 0A15297F267C84C600EB33EC;
			productRefGroup = 0A152989267C84C600EB33EC /* Products */;
			projectDirPath = "";
			projectRoot = "";
			targets = (
				0A152987267C84C600EB33EC /* GPUComputeTesting */,
			);
		};
/* End PBXProject section */

/* Begin PBXSourcesBuildPhase section */
		0A152984267C84C600EB33EC /* Sources */ = {
			isa = PBXSourcesBuildPhase;
			buildActionMask = 2147483647;
			files = (
				0AD422CB2685D65700DDEFA5 /* ParallelReduction.swift in Sources */,
				0A15298C267C84C600EB33EC /* main.swift in Sources */,
				0A152993267C857100EB33EC /* compute.metal in Sources */,
				0AD422CD2685D66600DDEFA5 /* ParallelReduction.metal in Sources */,
				0AD422C6268552BE00DDEFA5 /* MetalUtils.swift in Sources */,
			);
			runOnlyForDeploymentPostprocessing = 0;
		};
/* End PBXSourcesBuildPhase section */

/* Begin XCBuildConfiguration section */
		0A15298D267C84C600EB33EC /* Debug */ = {
			isa = XCBuildConfiguration;
			buildSettings = {
				ALWAYS_SEARCH_USER_PATHS = NO;
				CLANG_ANALYZER_NONNULL = YES;
				CLANG_ANALYZER_NUMBER_OBJECT_CONVERSION = YES_AGGRESSIVE;
				CLANG_CXX_LANGUAGE_STANDARD = "gnu++14";
				CLANG_CXX_LIBRARY = "libc++";
				CLANG_ENABLE_MODULES = YES;
				CLANG_ENABLE_OBJC_ARC = YES;
				CLANG_ENABLE_OBJC_WEAK = YES;
				CLANG_WARN_BLOCK_CAPTURE_AUTORELEASING = YES;
				CLANG_WARN_BOOL_CONVERSION = YES;
				CLANG_WARN_COMMA = YES;
				CLANG_WARN_CONSTANT_CONVERSION = YES;
				CLANG_WARN_DEPRECATED_OBJC_IMPLEMENTATIONS = YES;
				CLANG_WARN_DIRECT_OBJC_ISA_USAGE = YES_ERROR;
				CLANG_WARN_DOCUMENTATION_COMMENTS = YES;
				CLANG_WARN_EMPTY_BODY = YES;
				CLANG_WARN_ENUM_CONVERSION = YES;
				CLANG_WARN_INFINITE_RECURSION = YES;
				CLANG_WARN_INT_CONVERSION = YES;
				CLANG_WARN_NON_LITERAL_NULL_CONVERSION = YES;
				CLANG_WARN_OBJC_IMPLICIT_RETAIN_SELF = YES;
				CLANG_WARN_OBJC_LITERAL_CONVERSION = YES;
				CLANG_WARN_OBJC_ROOT_CLASS = YES_ERROR;
				CLANG_WARN_QUOTED_INCLUDE_IN_FRAMEWORK_HEADER = YES;
				CLANG_WARN_RANGE_LOOP_ANALYSIS = YES;
				CLANG_WARN_STRICT_PROTOTYPES = YES;
				CLANG_WARN_SUSPICIOUS_MOVE = YES;
				CLANG_WARN_UNGUARDED_AVAILABILITY = YES_AGGRESSIVE;
				CLANG_WARN_UNREACHABLE_CODE = YES;
				CLANG_WARN__DUPLICATE_METHOD_MATCH = YES;
				COPY_PHASE_STRIP = NO;
				DEBUG_INFORMATION_FORMAT = dwarf;
				ENABLE_STRICT_OBJC_MSGSEND = YES;
				ENABLE_TESTABILITY = YES;
				GCC_C_LANGUAGE_STANDARD = gnu11;
				GCC_DYNAMIC_NO_PIC = NO;
				GCC_NO_COMMON_BLOCKS = YES;
				GCC_OPTIMIZATION_LEVEL = 0;
				GCC_PREPROCESSOR_DEFINITIONS = (
					"DEBUG=1",
					"$(inherited)",
				);
				GCC_WARN_64_TO_32_BIT_CONVERSION = YES;
				GCC_WARN_ABOUT_RETURN_TYPE = YES_ERROR;
				GCC_WARN_UNDECLARED_SELECTOR = YES;
				GCC_WARN_UNINITIALIZED_AUTOS = YES_AGGRESSIVE;
				GCC_WARN_UNUSED_FUNCTION = YES;
				GCC_WARN_UNUSED_VARIABLE = YES;
				MACOSX_DEPLOYMENT_TARGET = 11.2;
				MTL_ENABLE_DEBUG_INFO = INCLUDE_SOURCE;
				MTL_FAST_MATH = YES;
				ONLY_ACTIVE_ARCH = YES;
				SDKROOT = macosx;
				SWIFT_ACTIVE_COMPILATION_CONDITIONS = DEBUG;
				SWIFT_OPTIMIZATION_LEVEL = "-Onone";
			};
			name = Debug;
		};
		0A15298E267C84C600EB33EC /* Release */ = {
			isa = XCBuildConfiguration;
			buildSettings = {
				ALWAYS_SEARCH_USER_PATHS = NO;
				CLANG_ANALYZER_NONNULL = YES;
				CLANG_ANALYZER_NUMBER_OBJECT_CONVERSION = YES_AGGRESSIVE;
				CLANG_CXX_LANGUAGE_STANDARD = "gnu++14";
				CLANG_CXX_LIBRARY = "libc++";
				CLANG_ENABLE_MODULES = YES;
				CLANG_ENABLE_OBJC_ARC = YES;
				CLANG_ENABLE_OBJC_WEAK = YES;
				CLANG_WARN_BLOCK_CAPTURE_AUTORELEASING = YES;
				CLANG_WARN_BOOL_CONVERSION = YES;
				CLANG_WARN_COMMA = YES;
				CLANG_WARN_CONSTANT_CONVERSION = YES;
				CLANG_WARN_DEPRECATED_OBJC_IMPLEMENTATIONS = YES;
				CLANG_WARN_DIRECT_OBJC_ISA_USAGE = YES_ERROR;
				CLANG_WARN_DOCUMENTATION_COMMENTS = YES;
				CLANG_WARN_EMPTY_BODY = YES;
				CLANG_WARN_ENUM_CONVERSION = YES;
				CLANG_WARN_INFINITE_RECURSION = YES;
				CLANG_WARN_INT_CONVERSION = YES;
				CLANG_WARN_NON_LITERAL_NULL_CONVERSION = YES;
				CLANG_WARN_OBJC_IMPLICIT_RETAIN_SELF = YES;
				CLANG_WARN_OBJC_LITERAL_CONVERSION = YES;
				CLANG_WARN_OBJC_ROOT_CLASS = YES_ERROR;
				CLANG_WARN_QUOTED_INCLUDE_IN_FRAMEWORK_HEADER = YES;
				CLANG_WARN_RANGE_LOOP_ANALYSIS = YES;
				CLANG_WARN_STRICT_PROTOTYPES = YES;
				CLANG_WARN_SUSPICIOUS_MOVE = YES;
				CLANG_WARN_UNGUARDED_AVAILABILITY = YES_AGGRESSIVE;
				CLANG_WARN_UNREACHABLE_CODE = YES;
				CLANG_WARN__DUPLICATE_METHOD_MATCH = YES;
				COPY_PHASE_STRIP = NO;
				DEBUG_INFORMATION_FORMAT = "dwarf-with-dsym";
				ENABLE_NS_ASSERTIONS = NO;
				ENABLE_STRICT_OBJC_MSGSEND = YES;
				GCC_C_LANGUAGE_STANDARD = gnu11;
				GCC_NO_COMMON_BLOCKS = YES;
				GCC_WARN_64_TO_32_BIT_CONVERSION = YES;
				GCC_WARN_ABOUT_RETURN_TYPE = YES_ERROR;
				GCC_WARN_UNDECLARED_SELECTOR = YES;
				GCC_WARN_UNINITIALIZED_AUTOS = YES_AGGRESSIVE;
				GCC_WARN_UNUSED_FUNCTION = YES;
				GCC_WARN_UNUSED_VARIABLE = YES;
				MACOSX_DEPLOYMENT_TARGET = 11.2;
				MTL_ENABLE_DEBUG_INFO = NO;
				MTL_FAST_MATH = YES;
				SDKROOT = macosx;
				SWIFT_COMPILATION_MODE = wholemodule;
				SWIFT_OPTIMIZATION_LEVEL = "-O";
			};
			name = Release;
		};
		0A152990267C84C600EB33EC /* Debug */ = {
			isa = XCBuildConfiguration;
			buildSettings = {
				CODE_SIGN_STYLE = Automatic;
				DEVELOPMENT_TEAM = G3429R8Q59;
				ENABLE_HARDENED_RUNTIME = YES;
				PRODUCT_NAME = "$(TARGET_NAME)";
				SWIFT_VERSION = 5.0;
			};
			name = Debug;
		};
		0A152991267C84C600EB33EC /* Release */ = {
			isa = XCBuildConfiguration;
			buildSettings = {
				CODE_SIGN_STYLE = Automatic;
				DEVELOPMENT_TEAM = G3429R8Q59;
				ENABLE_HARDENED_RUNTIME = YES;
				PRODUCT_NAME = "$(TARGET_NAME)";
				SWIFT_VERSION = 5.0;
			};
			name = Release;
		};
/* End XCBuildConfiguration section */

/* Begin XCConfigurationList section */
		0A152983267C84C600EB33EC /* Build configuration list for PBXProject "GPUComputeTesting" */ = {
			isa = XCConfigurationList;
			buildConfigurations = (
				0A15298D267C84C600EB33EC /* Debug */,
				0A15298E267C84C600EB33EC /* Release */,
			);
			defaultConfigurationIsVisible = 0;
			defaultConfigurationName = Release;
		};
		0A15298F267C84C600EB33EC /* Build configuration list for PBXNativeTarget "GPUComputeTesting" */ = {
			isa = XCConfigurationList;
			buildConfigurations = (
				0A152990267C84C600EB33EC /* Debug */,
				0A152991267C84C600EB33EC /* Release */,
			);
			defaultConfigurationIsVisible = 0;
			defaultConfigurationName = Release;
		};
/* End XCConfigurationList section */
	};
	rootObject = 0A152980267C84C600EB33EC /* Project object */;
}
